{
  "lockfileVersion": 1,
  "configVersion": 0,
  "workspaces": {
    "": {
      "dependencies": {
        "@noble/ed25519": "^3.1.0",
        "@noble/hashes": "^2.2.0",
        "@swc/helpers": "^0.5.17",
        "jsrsasign": "^11.1.3",
      },
      "devDependencies": {
        "@rollup/plugin-commonjs": "^24.0.0",
        "@rollup/plugin-node-resolve": "^15.0.1",
        "@swc/core": "^1.3.35",
        "esbuild": "^0.16.14",
        "rollup": "^3.9.1",
        "rollup-plugin-esbuild": "^5.0.0",
        "vendetta-extras": "latest",
        "vendetta-types": "latest",
      },
    },
  },
  "packages": {
    "@esbuild/android-arm": ["@esbuild/android-arm@0.16.17", "", { "os": "android", "cpu": "arm" }, "sha512-N9x1CMXVhtWEAMS7pNNONyA14f71VPQN9Cnavj1XQh6T7bskqiLLrSca4O0Vr8Wdcga943eThxnVp3JLnBMYtw=="],

    "@esbuild/android-arm64": ["@esbuild/android-arm64@0.16.17", "", { "os": "android", "cpu": "arm64" }, "sha512-MIGl6p5sc3RDTLLkYL1MyL8BMRN4tLMRCn+yRJJmEDvYZ2M7tmAf80hx1kbNEUX2KJ50RRtxZ4JHLvCfuB6kBg=="],

    "@esbuild/android-x64": ["@esbuild/android-x64@0.16.17", "", { "os": "android", "cpu": "x64" }, "sha512-a3kTv3m0Ghh4z1DaFEuEDfz3OLONKuFvI4Xqczqx4BqLyuFaFkuaG4j2MtA6fuWEFeC5x9IvqnX7drmRq/fyAQ=="],

    "@esbuild/darwin-arm64": ["@esbuild/darwin-arm64@0.16.17", "", { "os": "darwin", "cpu": "arm64" }, "sha512-/2agbUEfmxWHi9ARTX6OQ/KgXnOWfsNlTeLcoV7HSuSTv63E4DqtAc+2XqGw1KHxKMHGZgbVCZge7HXWX9Vn+w=="],

    "@esbuild/darwin-x64": ["@esbuild/darwin-x64@0.16.17", "", { "os": "darwin", "cpu": "x64" }, "sha512-2By45OBHulkd9Svy5IOCZt376Aa2oOkiE9QWUK9fe6Tb+WDr8hXL3dpqi+DeLiMed8tVXspzsTAvd0jUl96wmg=="],

    "@esbuild/freebsd-arm64": ["@esbuild/freebsd-arm64@0.16.17", "", { "os": "freebsd", "cpu": "arm64" }, "sha512-mt+cxZe1tVx489VTb4mBAOo2aKSnJ33L9fr25JXpqQqzbUIw/yzIzi+NHwAXK2qYV1lEFp4OoVeThGjUbmWmdw=="],

    "@esbuild/freebsd-x64": ["@esbuild/freebsd-x64@0.16.17", "", { "os": "freebsd", "cpu": "x64" }, "sha512-8ScTdNJl5idAKjH8zGAsN7RuWcyHG3BAvMNpKOBaqqR7EbUhhVHOqXRdL7oZvz8WNHL2pr5+eIT5c65kA6NHug=="],

    "@esbuild/linux-arm": ["@esbuild/linux-arm@0.16.17", "", { "os": "linux", "cpu": "arm" }, "sha512-iihzrWbD4gIT7j3caMzKb/RsFFHCwqqbrbH9SqUSRrdXkXaygSZCZg1FybsZz57Ju7N/SHEgPyaR0LZ8Zbe9gQ=="],

    "@esbuild/linux-arm64": ["@esbuild/linux-arm64@0.16.17", "", { "os": "linux", "cpu": "arm64" }, "sha512-7S8gJnSlqKGVJunnMCrXHU9Q8Q/tQIxk/xL8BqAP64wchPCTzuM6W3Ra8cIa1HIflAvDnNOt2jaL17vaW+1V0g=="],

    "@esbuild/linux-ia32": ["@esbuild/linux-ia32@0.16.17", "", { "os": "linux", "cpu": "ia32" }, "sha512-kiX69+wcPAdgl3Lonh1VI7MBr16nktEvOfViszBSxygRQqSpzv7BffMKRPMFwzeJGPxcio0pdD3kYQGpqQ2SSg=="],

    "@esbuild/linux-loong64": ["@esbuild/linux-loong64@0.16.17", "", { "os": "linux", "cpu": "none" }, "sha512-dTzNnQwembNDhd654cA4QhbS9uDdXC3TKqMJjgOWsC0yNCbpzfWoXdZvp0mY7HU6nzk5E0zpRGGx3qoQg8T2DQ=="],

    "@esbuild/linux-mips64el": ["@esbuild/linux-mips64el@0.16.17", "", { "os": "linux", "cpu": "none" }, "sha512-ezbDkp2nDl0PfIUn0CsQ30kxfcLTlcx4Foz2kYv8qdC6ia2oX5Q3E/8m6lq84Dj/6b0FrkgD582fJMIfHhJfSw=="],

    "@esbuild/linux-ppc64": ["@esbuild/linux-ppc64@0.16.17", "", { "os": "linux", "cpu": "ppc64" }, "sha512-dzS678gYD1lJsW73zrFhDApLVdM3cUF2MvAa1D8K8KtcSKdLBPP4zZSLy6LFZ0jYqQdQ29bjAHJDgz0rVbLB3g=="],

    "@esbuild/linux-riscv64": ["@esbuild/linux-riscv64@0.16.17", "", { "os": "linux", "cpu": "none" }, "sha512-ylNlVsxuFjZK8DQtNUwiMskh6nT0vI7kYl/4fZgV1llP5d6+HIeL/vmmm3jpuoo8+NuXjQVZxmKuhDApK0/cKw=="],

    "@esbuild/linux-s390x": ["@esbuild/linux-s390x@0.16.17", "", { "os": "linux", "cpu": "s390x" }, "sha512-gzy7nUTO4UA4oZ2wAMXPNBGTzZFP7mss3aKR2hH+/4UUkCOyqmjXiKpzGrY2TlEUhbbejzXVKKGazYcQTZWA/w=="],

    "@esbuild/linux-x64": ["@esbuild/linux-x64@0.16.17", "", { "os": "linux", "cpu": "x64" }, "sha512-mdPjPxfnmoqhgpiEArqi4egmBAMYvaObgn4poorpUaqmvzzbvqbowRllQ+ZgzGVMGKaPkqUmPDOOFQRUFDmeUw=="],

    "@esbuild/netbsd-x64": ["@esbuild/netbsd-x64@0.16.17", "", { "os": "none", "cpu": "x64" }, "sha512-/PzmzD/zyAeTUsduZa32bn0ORug+Jd1EGGAUJvqfeixoEISYpGnAezN6lnJoskauoai0Jrs+XSyvDhppCPoKOA=="],

    "@esbuild/openbsd-x64": ["@esbuild/openbsd-x64@0.16.17", "", { "os": "openbsd", "cpu": "x64" }, "sha512-2yaWJhvxGEz2RiftSk0UObqJa/b+rIAjnODJgv2GbGGpRwAfpgzyrg1WLK8rqA24mfZa9GvpjLcBBg8JHkoodg=="],

    "@esbuild/sunos-x64": ["@esbuild/sunos-x64@0.16.17", "", { "os": "sunos", "cpu": "x64" }, "sha512-xtVUiev38tN0R3g8VhRfN7Zl42YCJvyBhRKw1RJjwE1d2emWTVToPLNEQj/5Qxc6lVFATDiy6LjVHYhIPrLxzw=="],

    "@esbuild/win32-arm64": ["@esbuild/win32-arm64@0.16.17", "", { "os": "win32", "cpu": "arm64" }, "sha512-ga8+JqBDHY4b6fQAmOgtJJue36scANy4l/rL97W+0wYmijhxKetzZdKOJI7olaBaMhWt8Pac2McJdZLxXWUEQw=="],

    "@esbuild/win32-ia32": ["@esbuild/win32-ia32@0.16.17", "", { "os": "win32", "cpu": "ia32" }, "sha512-WnsKaf46uSSF/sZhwnqE4L/F89AYNMiD4YtEcYekBt9Q7nj0DiId2XH2Ng2PHM54qi5oPrQ8luuzGszqi/veig=="],

    "@esbuild/win32-x64": ["@esbuild/win32-x64@0.16.17", "", { "os": "win32", "cpu": "x64" }, "sha512-y+EHuSchhL7FjHgvQL/0fnnFmO4T1bhvWANX6gcnqTjtnKWbTvUMCpGnv2+t+31d7RzyEAYAd4u2fnIhHL6N/Q=="],

    "@jridgewell/sourcemap-codec": ["@jridgewell/sourcemap-codec@1.5.5", "", {}, "sha512-cYQ9310grqxueWbl+WuIUIaiUaDcj7WOq5fVhEljNVgRfOUhY9fy2zTvfoqWsnebh8Sl70VScFbICvJnLKB0Og=="],

    "@noble/ed25519": ["@noble/ed25519@3.1.0", "", {}, "sha512-pfcObRY3CtvwfaG9Mt5XqZdKmAQppl37tHUeuBhDUbiwJBCVY4/A4lbMvb1xKhMDx96AqAqZpMWuBX1HulhX4g=="],

    "@noble/hashes": ["@noble/hashes@2.2.0", "", {}, "sha512-IYqDGiTXab6FniAgnSdZwgWbomxpy9FtYvLKs7wCUs2a8RkITG+DFGO1DM9cr+E3/RgADRpFjrKVaJ1z6sjtEg=="],

    "@react-native-clipboard/clipboard": ["@react-native-clipboard/clipboard@1.10.0", "", {}, "sha512-1L+I0vmeUJgMi8MnNsqI00391/RFLkmmxj9qAuOS2madpvce/oNqJb8Pwk2Fc/uxIJSxOckTpq+dQwyPU6s+7w=="],

    "@rollup/plugin-commonjs": ["@rollup/plugin-commonjs@24.1.0", "", { "dependencies": { "@rollup/pluginutils": "^5.0.1", "commondir": "^1.0.1", "estree-walker": "^2.0.2", "glob": "^8.0.3", "is-reference": "1.2.1", "magic-string": "^0.27.0" }, "peerDependencies": { "rollup": "^2.68.0||^3.0.0" } }, "sha512-eSL45hjhCWI0jCCXcNtLVqM5N1JlBGvlFfY0m6oOYnLCJ6N0qEXoZql4sY2MOUArzhH4SA/qBpTxvvZp2Sc+DQ=="],

    "@rollup/plugin-node-resolve": ["@rollup/plugin-node-resolve@15.3.1", "", { "dependencies": { "@rollup/pluginutils": "^5.0.1", "@types/resolve": "1.20.2", "deepmerge": "^4.2.2", "is-module": "^1.0.0", "resolve": "^1.22.1" }, "peerDependencies": { "rollup": "^2.78.0||^3.0.0||^4.0.0" } }, "sha512-tgg6b91pAybXHJQMAAwW9VuWBO6Thi+q7BCNARLwSqlmsHz0XYURtGvh/AuwSADXSI4h/2uHbs7s4FzlZDGSGA=="],

    "@rollup/pluginutils": ["@rollup/pluginutils@5.4.0", "", { "dependencies": { "@types/estree": "^1.0.0", "estree-walker": "^2.0.2", "picomatch": "^4.0.2" }, "peerDependencies": { "rollup": "^1.20.0||^2.0.0||^3.0.0||^4.0.0" } }, "sha512-MfPp06CjRLfXQ3wY0R8vJDYBy/MvVcc9OulEfR0B8Iv9ko+GCNaRZ+EpJYFl27LhKsZK0o420sYCRHCjfCgeUg=="],

    "@swc/core": ["@swc/core@1.15.43", "", { "dependencies": { "@swc/counter": "^0.1.3", "@swc/types": "^0.1.27" }, "optionalDependencies": { "@swc/core-darwin-arm64": "1.15.43", "@swc/core-darwin-x64": "1.15.43", "@swc/core-linux-arm-gnueabihf": "1.15.43", "@swc/core-linux-arm64-gnu": "1.15.43", "@swc/core-linux-arm64-musl": "1.15.43", "@swc/core-linux-ppc64-gnu": "1.15.43", "@swc/core-linux-s390x-gnu": "1.15.43", "@swc/core-linux-x64-gnu": "1.15.43", "@swc/core-linux-x64-musl": "1.15.43", "@swc/core-win32-arm64-msvc": "1.15.43", "@swc/core-win32-ia32-msvc": "1.15.43", "@swc/core-win32-x64-msvc": "1.15.43" }, "peerDependencies": { "@swc/helpers": ">=0.5.17" } }, "sha512-1CuKjFkPxIgGdeHVuNbkxmBxkcbdc08u0aiI43pFq6yY1tTVKmXT9hFEooyyKs/sJ3xf1GPHyEwTtk9Xl8dvQw=="],

    "@swc/core-darwin-arm64": ["@swc/core-darwin-arm64@1.15.43", "", { "os": "darwin", "cpu": "arm64" }, "sha512-v1aVuvXdo/BHxJzco9V2xpHrvwWmhfS8t6gziY5wJxd+Z2h8AeJRnAwPD8itCDaGXVBwJ/CaKfxEzTkG0Va0OA=="],

    "@swc/core-darwin-x64": ["@swc/core-darwin-x64@1.15.43", "", { "os": "darwin", "cpu": "x64" }, "sha512-lp3d4Lamc8dt5huYdGLSR+9hLxmfr1jb0l+4XXG2zPqZwYWRN9R0U2qYoTrggiU2RWW0oV9VbWM3kBnqIc2kdQ=="],

    "@swc/core-linux-arm-gnueabihf": ["@swc/core-linux-arm-gnueabihf@1.15.43", "", { "os": "linux", "cpu": "arm" }, "sha512-JWTQQELtsG5GgphDrr/XqqmM2pDN3cZqbMS0Mrg+iTiXL3F74sn/S2IyYE/5u4h2KLkTf9qQ7dXyxsbx7YzkeA=="],

    "@swc/core-linux-arm64-gnu": ["@swc/core-linux-arm64-gnu@1.15.43", "", { "os": "linux", "cpu": "arm64" }, "sha512-B4otJRdPWIsmiSBf0uG7Z/+vMWmkufjz5MmYxubwKuZazDW14Zd3symga1N62QR4RT+kEFeHEgsXfZGyn/w0hw=="],

    "@swc/core-linux-arm64-musl": ["@swc/core-linux-arm64-musl@1.15.43", "", { "os": "linux", "cpu": "arm64" }, "sha512-6zB6OnpViBxYy4tgY3v2i6AZY9fwkcHZ032UOwtwUuW1d19sdT07qF0kZe6/3UR1tUaK6jjg2rmVcUIBCEYVjQ=="],

    "@swc/core-linux-ppc64-gnu": ["@swc/core-linux-ppc64-gnu@1.15.43", "", { "os": "linux", "cpu": "ppc64" }, "sha512-coxE1ZWdB3uSDVNoEtYNrRi/1epvckZx9cTJ8ICUxTMTxGk+yvQ/Twacp3ruZSaMPGCriUjP86C37VhaT6nyRg=="],

    "@swc/core-linux-s390x-gnu": ["@swc/core-linux-s390x-gnu@1.15.43", "", { "os": "linux", "cpu": "s390x" }, "sha512-lXfLhs+LpBsD5inuYx+YDH5WsPPBQ95KPUiy8P5wq9ob9xKDZFqwNfU2QW6bGO8NqRO/H9JQomTSt5Yyh+FGfA=="],

    "@swc/core-linux-x64-gnu": ["@swc/core-linux-x64-gnu@1.15.43", "", { "os": "linux", "cpu": "x64" }, "sha512-07XnKwTmKy8TGOZG3D9fRnLWGynxPjwQnZLVmBFbo6F+7vHYzBIOuwXEhemrChBWb6yDNZsVCcMWCPX6FDD2xg=="],

    "@swc/core-linux-x64-musl": ["@swc/core-linux-x64-musl@1.15.43", "", { "os": "linux", "cpu": "x64" }, "sha512-TJc+bsSIaBh+hZvZ5GRtW/K1bw66TJ9vsUwvVIsZdiWxU5ObLwZvfcnZ3UpgVfMnFibRes9uriJrQNBHEEogRQ=="],

    "@swc/core-win32-arm64-msvc": ["@swc/core-win32-arm64-msvc@1.15.43", "", { "os": "win32", "cpu": "arm64" }, "sha512-jfd7s2/bUQYkOHLs+LWQNKZdmDa8+sufKLllhpWAhVQ2GDCwsHe3vR/j+OSiItZNtkzFuaawa3+SAKz9y5gYfw=="],

    "@swc/core-win32-ia32-msvc": ["@swc/core-win32-ia32-msvc@1.15.43", "", { "os": "win32", "cpu": "ia32" }, "sha512-rLAE8JvucqEW1ZGohxPQrQWPBQeJG4+ypKbWfdlU/qmKScvCkxf9/Jxnzki1dkUQCQ7P5Enp13RlvqOlvx/32g=="],

    "@swc/core-win32-x64-msvc": ["@swc/core-win32-x64-msvc@1.15.43", "", { "os": "win32", "cpu": "x64" }, "sha512-h8MLDHZcfIukwQWj03rIJZx1I0E81AYj2X7J/nGErG4nz+QAv6G1Z+peotvinL3lqpbo32tLYSMFo32/ySzxKg=="],

    "@swc/counter": ["@swc/counter@0.1.3", "", {}, "sha512-e2BR4lsJkkRlKZ/qCHPw9ZaSxc0MVUd7gtbtaB7aMvHeJVYe8sOB8DBZkP2DtISHGSku9sCK6T6cnY0CtXrOCQ=="],

    "@swc/helpers": ["@swc/helpers@0.5.23", "", { "dependencies": { "tslib": "^2.8.0" } }, "sha512-5lSsMOTXURePglDfvuAQUqkGek9Hg2kksOYay2m0+XR++b2NWYL/4sWyuvVBIs8oKnJaxkdi9whaL/sqN13afw=="],

    "@swc/types": ["@swc/types@0.1.27", "", { "dependencies": { "@swc/counter": "^0.1.3" } }, "sha512-K6h3iUlqeM946U4sXFYeahefR1YBbXJvko+hv8WS8/0BNJ4OHiHRywMnQUJCqkR7Y9+hqQ1TvEpiKqUhz7NEFg=="],

    "@types/chroma-js": ["@types/chroma-js@2.4.5", "", {}, "sha512-6ISjhzJViaPCy2q2e6PgK+8HcHQDQ0V2LDiKmYAh+jJlLqDa6HbwDh0wOevHY0kHHUx0iZwjSRbVD47WOUx5EQ=="],

    "@types/estree": ["@types/estree@1.0.9", "", {}, "sha512-GhdPgy1el4/ImP05X05Uw4cw2/M93BCUmnEvWZNStlCzEKME4Fkk+YpoA5OiHNQmoS7Cafb8Xa3Pya8m1Qrzeg=="],

    "@types/lodash": ["@types/lodash@4.17.24", "", {}, "sha512-gIW7lQLZbue7lRSWEFql49QJJWThrTFFeIMJdp3eH4tKoxm1OvEPg02rm4wCCSHS0cL3/Fizimb35b7k8atwsQ=="],

    "@types/prop-types": ["@types/prop-types@15.7.15", "", {}, "sha512-F6bEyamV9jKGAFBEmlQnesRPGOQqS2+Uwi0Em15xenOxHaf2hv6L8YCVn3rPdPJOiJfPiCnLIRyvwVaqMY3MIw=="],

    "@types/react": ["@types/react@18.0.26", "", { "dependencies": { "@types/prop-types": "*", "@types/scheduler": "*", "csstype": "^3.0.2" } }, "sha512-hCR3PJQsAIXyxhTNSiDFY//LhnMZWpNNr5etoCqx/iUfGc5gXWtQR2Phl908jVR6uPXacojQWTg4qRpkxTuGug=="],

    "@types/react-native": ["@types/react-native@0.68.1", "", { "dependencies": { "@types/react": "*" } }, "sha512-S+r6VamWqVutlQ3q/vhTn4b0F/DdZj8R6AIDdgwV9xN9Ln1kRdQd7o3mo7FnfdddVdzEkWMUVlK2sbkFOJFAiQ=="],

    "@types/resolve": ["@types/resolve@1.20.2", "", {}, "sha512-60BCwRFOZCQhDncwQdxxeOEEkbc5dIMccYLwbxsS4TUNeVECQ/pBJ0j09mrHOl/JJvpRPGwO9SvE4nR2Nb/a4Q=="],

    "@types/scheduler": ["@types/scheduler@0.26.0", "", {}, "sha512-WFHp9YUJQ6CKshqoC37iOlHnQSmxNc795UhB26CyBBttrN9svdIrUjl/NjnNmfcwtncN0h/0PPAFWv9ovP8mLA=="],

    "balanced-match": ["balanced-match@1.0.2", "", {}, "sha512-3oSeUO0TMV67hN1AmbXsK4yaqU7tjiHlbxRDZOpH0KW9+CeX4bRAaX0Anxt0tx2MrpRpWwQaPwIlISEJhYU5Pw=="],

    "brace-expansion": ["brace-expansion@2.1.1", "", { "dependencies": { "balanced-match": "^1.0.0" } }, "sha512-WR1cURNjuvBLMZBMbqM0UoE+WAfdUcEV1ccD8PVBVOI+Z3ND4+SZbN8RsfT2bMuG1qwz5RFvPukSZm5fF2D5eA=="],

    "commondir": ["commondir@1.0.1", "", {}, "sha512-W9pAhw0ja1Edb5GVdIF1mjZw/ASI0AlShXM83UUGe2DVr5TdAPEA1OA8m/g8zWp9x6On7gqufY+FatDbC3MDQg=="],

    "csstype": ["csstype@3.2.3", "", {}, "sha512-z1HGKcYy2xA8AGQfwrn0PAy+PB7X/GSj3UVJW9qKyn43xWa+gl5nXmU4qqLMRzWVLFC8KusUX8T/0kCiOYpAIQ=="],

    "debug": ["debug@4.4.3", "", { "dependencies": { "ms": "^2.1.3" } }, "sha512-RGwwWnwQvkVfavKVt22FGLw+xYSdzARwm0ru6DhTVA3umU5hZc28V3kO4stgYryrTlLpuvgI9GiijltAjNbcqA=="],

    "deepmerge": ["deepmerge@4.3.1", "", {}, "sha512-3sUqbMEc77XqpdNO7FRyRog+eW3ph+GYCbj+rK+uYyRMuwsVy0rMiVtPn+QJlKFvWP/1PYpapqYn0Me2knFn+A=="],

    "es-errors": ["es-errors@1.3.0", "", {}, "sha512-Zf5H2Kxt2xjTvbJvP2ZWLEICxA6j+hAmMzIlypy4xcBg1vKVnx89Wy0GbS+kf5cwCVFFzdCFh2XSCFNULS6csw=="],

    "es-module-lexer": ["es-module-lexer@1.7.0", "", {}, "sha512-jEQoCwk8hyb2AZziIOLhDqpm5+2ww5uIE6lkO/6jcOCusfk6LhMHpXXfBLXTZ7Ydyt0j4VoUQv6uGNYbdW+kBA=="],

    "esbuild": ["esbuild@0.16.17", "", { "optionalDependencies": { "@esbuild/android-arm": "0.16.17", "@esbuild/android-arm64": "0.16.17", "@esbuild/android-x64": "0.16.17", "@esbuild/darwin-arm64": "0.16.17", "@esbuild/darwin-x64": "0.16.17", "@esbuild/freebsd-arm64": "0.16.17", "@esbuild/freebsd-x64": "0.16.17", "@esbuild/linux-arm": "0.16.17", "@esbuild/linux-arm64": "0.16.17", "@esbuild/linux-ia32": "0.16.17", "@esbuild/linux-loong64": "0.16.17", "@esbuild/linux-mips64el": "0.16.17", "@esbuild/linux-ppc64": "0.16.17", "@esbuild/linux-riscv64": "0.16.17", "@esbuild/linux-s390x": "0.16.17", "@esbuild/linux-x64": "0.16.17", "@esbuild/netbsd-x64": "0.16.17", "@esbuild/openbsd-x64": "0.16.17", "@esbuild/sunos-x64": "0.16.17", "@esbuild/win32-arm64": "0.16.17", "@esbuild/win32-ia32": "0.16.17", "@esbuild/win32-x64": "0.16.17" }, "bin": "bin/esbuild" }, "sha512-G8LEkV0XzDMNwXKgM0Jwu3nY3lSTwSGY6XbxM9cr9+s0T/qSV1q1JVPBGzm3dcjhCic9+emZDmMffkwgPeOeLg=="],

    "estree-walker": ["estree-walker@2.0.2", "", {}, "sha512-Rfkk/Mp/DL7JVje3u18FxFujQlTNR2q6QfMSMB7AvCBx91NGj/ba3kCfza0f6dVDbw7YlRf/nDrn7pQrCCyQ/w=="],

    "fs.realpath": ["fs.realpath@1.0.0", "", {}, "sha512-OO0pH2lK6a0hZnAdau5ItzHPI6pUlvI7jMVnxUQRtw4owF2wk8lOSabtGDCTP4Ggrg2MbGnWO9X8K1t4+fGMDw=="],

    "fsevents": ["fsevents@2.3.3", "", { "os": "darwin" }, "sha512-5xoDfX+fL7faATnagmWPpbFtwh/R77WmMMqqHGS65C3vvB0YHrgF+B1YmZ3441tMj5n63k0212XNoJwzlhffQw=="],

    "function-bind": ["function-bind@1.1.2", "", {}, "sha512-7XHNxH7qX9xG5mIwxkhumTox/MIRNcOgDrxWsMt2pAr23WHp6MrRlN7FBSFpCpr+oVO0F744iUgR82nJMfG2SA=="],

    "glob": ["glob@8.1.0", "", { "dependencies": { "fs.realpath": "^1.0.0", "inflight": "^1.0.4", "inherits": "2", "minimatch": "^5.0.1", "once": "^1.3.0" } }, "sha512-r8hpEjiQEYlF2QU0df3dS+nxxSIreXQS1qRhMJM0Q5NDdR386C7jb7Hwwod8Fgiuex+k0GFjgft18yvxm5XoCQ=="],

    "hasown": ["hasown@2.0.4", "", { "dependencies": { "function-bind": "^1.1.2" } }, "sha512-T2UbfbBEF32wiepXIsMlTW9+dDYC6wMh/t/vYA4tuOMKqWz/n3vr1NFSxQiyP+zk2mXsoMA/i/7qV6LKut1t1A=="],

    "inflight": ["inflight@1.0.6", "", { "dependencies": { "once": "^1.3.0", "wrappy": "1" } }, "sha512-k92I/b08q4wvFscXCLvqfsHCrjrF7yiXsQuIVvVE7N82W3+aqpzuUdBbfhWcy/FZR3/4IgflMgKLOsvPDrGCJA=="],

    "inherits": ["inherits@2.0.4", "", {}, "sha512-k/vGaX4/Yla3WzyMCvTQOXYeIHvqOKtnqBduzTHpzpQZzAskKMhZ2K+EnBiSM9zGSoIFeMpXKxa4dYeZIQqewQ=="],

    "is-core-module": ["is-core-module@2.16.2", "", { "dependencies": { "hasown": "^2.0.3" } }, "sha512-evOr8xfXKxE6qSR0hSXL2r3sd7ALj8+7jQEUvPYcm5sgZFdJ+AYzT6yNmJenvIYQBgIGwfwz08sL8zoL7yq2BA=="],

    "is-module": ["is-module@1.0.0", "", {}, "sha512-51ypPSPCoTEIN9dy5Oy+h4pShgJmPCygKfyRCISBI+JoWT/2oJvK8QPxmwv7b/p239jXrm9M1mlQbyKJ5A152g=="],

    "is-reference": ["is-reference@1.2.1", "", { "dependencies": { "@types/estree": "*" } }, "sha512-U82MsXXiFIrjCK4otLT+o2NA2Cd2g5MLoOVXUZjIOhLurrRxpEXzI8O0KZHr3IjLvlAH1kTPYSuqer5T9ZVBKQ=="],

    "joycon": ["joycon@3.1.1", "", {}, "sha512-34wB/Y7MW7bzjKRjUKTa46I2Z7eV62Rkhva+KkopW7Qvv/OSWBqvkSY7vusOPrNuZcUG3tApvdVgNB8POj3SPw=="],

    "jsonc-parser": ["jsonc-parser@3.3.1", "", {}, "sha512-HUgH65KyejrUFPvHFPbqOY0rsFip3Bo5wb4ngvdi1EpCYWUQDC5V+Y7mZws+DLkr4M//zQJoanu1SP+87Dv1oQ=="],

    "jsrsasign": ["jsrsasign@11.1.3", "", {}, "sha512-nPnK5D/4lv0Dwr7TlzrKtAd8JlLZwFTqTUUB3NQCbtdobcRcohGFxjbPySDVh74iWUudcCsapYT6OxoyhJLhhA=="],

    "magic-string": ["magic-string@0.27.0", "", { "dependencies": { "@jridgewell/sourcemap-codec": "^1.4.13" } }, "sha512-8UnnX2PeRAPZuN12svgR9j7M1uWMovg/CEnIwIG0LFkXSJJe4PdfUGiTGl8V9bsBHFUtfVINcSyYxd7q+kx9fA=="],

    "minimatch": ["minimatch@5.1.9", "", { "dependencies": { "brace-expansion": "^2.0.1" } }, "sha512-7o1wEA2RyMP7Iu7GNba9vc0RWWGACJOCZBJX2GJWip0ikV+wcOsgVuY9uE8CPiyQhkGFSlhuSkZPavN7u1c2Fw=="],

    "moment": ["moment@2.22.2", "", {}, "sha512-LRvkBHaJGnrcWvqsElsOhHCzj8mU39wLx5pQ0pc6s153GynCTsPdGdqsVNKAQD9sKnWj11iF7TZx9fpLwdD3fw=="],

    "ms": ["ms@2.1.3", "", {}, "sha512-6FlzubTLZG3J2a/NVCAleEhjzq5oxgHyaCU9yYXvcLsvoVaHJq/s5xXI6/XXP6tz7R9xAOtHnSO/tXtF3WRTlA=="],

    "once": ["once@1.4.0", "", { "dependencies": { "wrappy": "1" } }, "sha512-lNaJgI+2Q5URQBkccEKHTQOPaXdUxnZZElQTZY0MFUAuaEqe1E+Nyvgdz/aIyNi6Z9MzO5dv1H8n58/GELp3+w=="],

    "path-parse": ["path-parse@1.0.7", "", {}, "sha512-LDJzPVEEEPR+y48z93A0Ed0yXb8pAByGWo/k5YYdYgpY2/2EsOsksJrq7lOHxryrVOn1ejG6oAp8ahvOIQD8sw=="],

    "picomatch": ["picomatch@4.0.5", "", {}, "sha512-RvwwcruNjI1ncT5xRakeyS9Lf8lcItv34KD+aif+VH9kduAyfYBipGh12274xtenIPZ119/R9BdTBa8gAwSh0A=="],

    "resolve": ["resolve@1.22.12", "", { "dependencies": { "es-errors": "^1.3.0", "is-core-module": "^2.16.1", "path-parse": "^1.0.7", "supports-preserve-symlinks-flag": "^1.0.0" }, "bin": "bin/resolve" }, "sha512-TyeJ1zif53BPfHootBGwPRYT1RUt6oGWsaQr8UyZW/eAm9bKoijtvruSDEmZHm92CwS9nj7/fWttqPCgzep8CA=="],

    "rollup": ["rollup@3.30.0", "", { "optionalDependencies": { "fsevents": "~2.3.2" }, "bin": "dist/bin/rollup" }, "sha512-kQvGasUgN+AlWGliFn2POSajRQEsULVYFGTvOZmK06d7vCD+YhZztt70kGk3qaeAXeWYL5eO7zx+rAubBc55eA=="],

    "rollup-plugin-esbuild": ["rollup-plugin-esbuild@5.0.0", "", { "dependencies": { "@rollup/pluginutils": "^5.0.1", "debug": "^4.3.4", "es-module-lexer": "^1.0.5", "joycon": "^3.1.1", "jsonc-parser": "^3.2.0" }, "peerDependencies": { "esbuild": ">=0.10.1", "rollup": "^1.20.0 || ^2.0.0 || ^3.0.0" } }, "sha512-1cRIOHAPh8WQgdQQyyvFdeOdxuiyk+zB5zJ5+YOwrZP4cJ0MT3Fs48pQxrZeyZHcn+klFherytILVfE4aYrneg=="],

    "spitroast": ["spitroast@1.4.4", "", {}, "sha512-S69rzIFjbGoEW5YCLpm1kEdqMEYqC09lmE1ZMY4gyUXfke0wi9qZjKYa0DDSv5eIy/D+/UGJT8yxgJddU3oqlA=="],

    "supports-preserve-symlinks-flag": ["supports-preserve-symlinks-flag@1.0.0", "", {}, "sha512-ot0WnXS9fgdkgIcePe6RHNk1WA8+muPa6cSjeR3V8K27q9BB1rTE3R1p7Hv0z1ZyAc8s6Vvv8DIyWf681MAt0w=="],

    "tslib": ["tslib@2.8.1", "", {}, "sha512-oJFu94HQb+KVduSUQL7wnpmqnfmLsOA/nAh6b6EH0wCEoK0/mPeXU6c3wKDV83MkOuHPRHtSXKKU99IBazS/2w=="],

    "vendetta-extras": ["vendetta-extras@1.0.3", "", {}, "sha512-3PSNahx9Mm7lsElruCX2oebmcDb5XI6a4G8G6aqbw+UYHj3bRuxwiyv9RNqXhHi4mQTARRuDIwucBZSf1/BxDg=="],

    "vendetta-types": ["vendetta-types@2.4.21", "", { "dependencies": { "@react-native-clipboard/clipboard": "1.10.0", "@types/chroma-js": "^2.4.0", "@types/lodash": "^4.14.191", "@types/react": "18.0.26", "@types/react-native": "0.68.1", "moment": "2.22.2", "spitroast": "^1.4.2" } }, "sha512-L2HwBkF4DCF0Kiov8Ld75Zwl5UBy75ZC8ZPpXtpQgvuHsYbhHAtrhWrpzAf76VGV9k5J1nC5JcxUZQ+f7NjRGw=="],

    "wrappy": ["wrappy@1.0.2", "", {}, "sha512-l4Sp/DRseor9wL6EvV2+TuQn63dMkPjZ/sp9XkghTEbV9KlPS1xUsZ3u7/IQO4wxtcFB4bgpQPRcR3QCvezPcQ=="],
  }
}
